// !$*UTF8*$!
{
	archiveVersion = 1;
	classes = {
	};
	objectVersion = 50;
	objects = {

/* Begin PBXBuildFile section */
		5725D64E223B17C5005E291B /* AppDelegate.swift in Sources */ = {isa = PBXBuildFile; fileRef = 5725D64D223B17C5005E291B /* AppDelegate.swift */; };
		5725D650223B17C5005E291B /* ViewController.swift in Sources */ = {isa = PBXBuildFile; fileRef = 5725D64F223B17C5005E291B /* ViewController.swift */; };
		5725D653223B17C5005E291B /* Main.storyboard in Resources */ = {isa = PBXBuildFile; fileRef = 5725D651223B17C5005E291B /* Main.storyboard */; };
		5725D655223B17C6005E291B /* Assets.xcassets in Resources */ = {isa = PBXBuildFile; fileRef = 5725D654223B17C6005E291B /* Assets.xcassets */; };
		5725D658223B17C6005E291B /* LaunchScreen.storyboard in Resources */ = {isa = PBXBuildFile; fileRef = 5725D656223B17C6005E291B /* LaunchScreen.storyboard */; };
		5725D660223B1812005E291B /* Pigeon.swift in Sources */ = {isa = PBXBuildFile; fileRef = 5725D65F223B1812005E291B /* Pigeon.swift */; };
		5725D662223B1824005E291B /* Writer.swift in Sources */ = {isa = PBXBuildFile; fileRef = 5725D661223B1824005E291B /* Writer.swift */; };
		572F0060223E9EFA006A79DD /* ViewController+UIWriter.swift in Sources */ = {isa = PBXBuildFile; fileRef = 572F005F223E9EFA006A79DD /* ViewController+UIWriter.swift */; };
		572F0062223E9F0B006A79DD /* ViewController+UIPigeon.swift in Sources */ = {isa = PBXBuildFile; fileRef = 572F0061223E9F0B006A79DD /* ViewController+UIPigeon.swift */; };
		575AE86922406F70005379AC /* BoxView.xib in Resources */ = {isa = PBXBuildFile; fileRef = 575AE86822406F70005379AC /* BoxView.xib */; };
		575AE86B22406F8A005379AC /* BoxView.swift in Sources */ = {isa = PBXBuildFile; fileRef = 575AE86A22406F8A005379AC /* BoxView.swift */; };
		57B71560223D9E680014692E /* PigeonUIProtocol.swift in Sources */ = {isa = PBXBuildFile; fileRef = 57B7155F223D9E680014692E /* PigeonUIProtocol.swift */; };
		57B71562223D9E7E0014692E /* WriterUIProtocol.swift in Sources */ = {isa = PBXBuildFile; fileRef = 57B71561223D9E7E0014692E /* WriterUIProtocol.swift */; };
		57F4ED122242FC11005B0AE3 /* WritersView.xib in Resources */ = {isa = PBXBuildFile; fileRef = 57F4ED112242FC11005B0AE3 /* WritersView.xib */; };
		57F4ED142242FC27005B0AE3 /* WritersView.swift in Sources */ = {isa = PBXBuildFile; fileRef = 57F4ED132242FC27005B0AE3 /* WritersView.swift */; };
		57F4ED172242FF3D005B0AE3 /* WriterCollectionViewCell.swift in Sources */ = {isa = PBXBuildFile; fileRef = 57F4ED152242FF3D005B0AE3 /* WriterCollectionViewCell.swift */; };
		57F4ED182242FF3D005B0AE3 /* WriterCollectionViewCell.xib in Resources */ = {isa = PBXBuildFile; fileRef = 57F4ED162242FF3D005B0AE3 /* WriterCollectionViewCell.xib */; };
		AC190174224178C700AB477C /* PigeonView.swift in Sources */ = {isa = PBXBuildFile; fileRef = AC190173224178C700AB477C /* PigeonView.swift */; };
		AC190176224178D200AB477C /* PigeonView.xib in Resources */ = {isa = PBXBuildFile; fileRef = AC190175224178D200AB477C /* PigeonView.xib */; };
/* End PBXBuildFile section */

/* Begin PBXFileReference section */
		5725D64A223B17C5005E291B /* CarrerPigeon.app */ = {isa = PBXFileReference; explicitFileType = wrapper.application; includeInIndex = 0; path = CarrerPigeon.app; sourceTree = BUILT_PRODUCTS_DIR; };
		5725D64D223B17C5005E291B /* AppDelegate.swift */ = {isa = PBXFileReference; lastKnownFileType = sourcecode.swift; path = AppDelegate.swift; sourceTree = "<group>"; };
		5725D64F223B17C5005E291B /* ViewController.swift */ = {isa = PBXFileReference; lastKnownFileType = sourcecode.swift; path = ViewController.swift; sourceTree = "<group>"; };
		5725D652223B17C5005E291B /* Base */ = {isa = PBXFileReference; lastKnownFileType = file.storyboard; name = Base; path = Base.lproj/Main.storyboard; sourceTree = "<group>"; };
		5725D654223B17C6005E291B /* Assets.xcassets */ = {isa = PBXFileReference; lastKnownFileType = folder.assetcatalog; path = Assets.xcassets; sourceTree = "<group>"; };
		5725D657223B17C6005E291B /* Base */ = {isa = PBXFileReference; lastKnownFileType = file.storyboard; name = Base; path = Base.lproj/LaunchScreen.storyboard; sourceTree = "<group>"; };
		5725D659223B17C6005E291B /* Info.plist */ = {isa = PBXFileReference; lastKnownFileType = text.plist.xml; path = Info.plist; sourceTree = "<group>"; };
		5725D65F223B1812005E291B /* Pigeon.swift */ = {isa = PBXFileReference; lastKnownFileType = sourcecode.swift; path = Pigeon.swift; sourceTree = "<group>"; };
		5725D661223B1824005E291B /* Writer.swift */ = {isa = PBXFileReference; lastKnownFileType = sourcecode.swift; path = Writer.swift; sourceTree = "<group>"; };
		572F005F223E9EFA006A79DD /* ViewController+UIWriter.swift */ = {isa = PBXFileReference; lastKnownFileType = sourcecode.swift; path = "ViewController+UIWriter.swift"; sourceTree = "<group>"; };
		572F0061223E9F0B006A79DD /* ViewController+UIPigeon.swift */ = {isa = PBXFileReference; lastKnownFileType = sourcecode.swift; path = "ViewController+UIPigeon.swift"; sourceTree = "<group>"; };
		575AE86822406F70005379AC /* BoxView.xib */ = {isa = PBXFileReference; lastKnownFileType = file.xib; path = BoxView.xib; sourceTree = "<group>"; };
		575AE86A22406F8A005379AC /* BoxView.swift */ = {isa = PBXFileReference; lastKnownFileType = sourcecode.swift; path = BoxView.swift; sourceTree = "<group>"; };
		57B7155F223D9E680014692E /* PigeonUIProtocol.swift */ = {isa = PBXFileReference; lastKnownFileType = sourcecode.swift; path = PigeonUIProtocol.swift; sourceTree = "<group>"; };
		57B71561223D9E7E0014692E /* WriterUIProtocol.swift */ = {isa = PBXFileReference; lastKnownFileType = sourcecode.swift; path = WriterUIProtocol.swift; sourceTree = "<group>"; };
		57F4ED112242FC11005B0AE3 /* WritersView.xib */ = {isa = PBXFileReference; lastKnownFileType = file.xib; path = WritersView.xib; sourceTree = "<group>"; };
		57F4ED132242FC27005B0AE3 /* WritersView.swift */ = {isa = PBXFileReference; lastKnownFileType = sourcecode.swift; path = WritersView.swift; sourceTree = "<group>"; };
		57F4ED152242FF3D005B0AE3 /* WriterCollectionViewCell.swift */ = {isa = PBXFileReference; lastKnownFileType = sourcecode.swift; path = WriterCollectionViewCell.swift; sourceTree = "<group>"; };
		57F4ED162242FF3D005B0AE3 /* WriterCollectionViewCell.xib */ = {isa = PBXFileReference; lastKnownFileType = file.xib; path = WriterCollectionViewCell.xib; sourceTree = "<group>"; };
		AC190173224178C700AB477C /* PigeonView.swift */ = {isa = PBXFileReference; lastKnownFileType = sourcecode.swift; path = PigeonView.swift; sourceTree = "<group>"; };
		AC190175224178D200AB477C /* PigeonView.xib */ = {isa = PBXFileReference; lastKnownFileType = file.xib; path = PigeonView.xib; sourceTree = "<group>"; };
/* End PBXFileReference section */

/* Begin PBXFrameworksBuildPhase section */
		5725D647223B17C5005E291B /* Frameworks */ = {
			isa = PBXFrameworksBuildPhase;
			buildActionMask = 2147483647;
			files = (
			);
			runOnlyForDeploymentPostprocessing = 0;
		};
/* End PBXFrameworksBuildPhase section */

/* Begin PBXGroup section */
		5725D641223B17C5005E291B = {
			isa = PBXGroup;
			children = (
				5725D64C223B17C5005E291B /* CarrerPigeon */,
				5725D64B223B17C5005E291B /* Products */,
			);
			sourceTree = "<group>";
		};
		5725D64B223B17C5005E291B /* Products */ = {
			isa = PBXGroup;
			children = (
				5725D64A223B17C5005E291B /* CarrerPigeon.app */,
			);
			name = Products;
			sourceTree = "<group>";
		};
		5725D64C223B17C5005E291B /* CarrerPigeon */ = {
			isa = PBXGroup;
			children = (
				575AE86722406F4A005379AC /* Components */,
				57B7155E223D9E3D0014692E /* Protocols */,
				572F005E223E9ECB006A79DD /* Controllers */,
				5725D663223B1829005E291B /* Threads */,
				5725D64D223B17C5005E291B /* AppDelegate.swift */,
				5725D651223B17C5005E291B /* Main.storyboard */,
				5725D654223B17C6005E291B /* Assets.xcassets */,
				5725D656223B17C6005E291B /* LaunchScreen.storyboard */,
				5725D659223B17C6005E291B /* Info.plist */,
			);
			path = CarrerPigeon;
			sourceTree = "<group>";
		};
		5725D663223B1829005E291B /* Threads */ = {
			isa = PBXGroup;
			children = (
				5725D65F223B1812005E291B /* Pigeon.swift */,
				5725D661223B1824005E291B /* Writer.swift */,
			);
			path = Threads;
			sourceTree = "<group>";
		};
		572F005E223E9ECB006A79DD /* Controllers */ = {
			isa = PBXGroup;
			children = (
				5725D64F223B17C5005E291B /* ViewController.swift */,
				572F005F223E9EFA006A79DD /* ViewController+UIWriter.swift */,
				572F0061223E9F0B006A79DD /* ViewController+UIPigeon.swift */,
			);
			path = Controllers;
			sourceTree = "<group>";
		};
		575AE86722406F4A005379AC /* Components */ = {
			isa = PBXGroup;
			children = (
				57F4ED1B224324D2005B0AE3 /* Writers */,
				57F4ED1A224324C4005B0AE3 /* Pigeon */,
				57F4ED19224324B8005B0AE3 /* Box */,
			);
			path = Components;
			sourceTree = "<group>";
		};
		57B7155E223D9E3D0014692E /* Protocols */ = {
			isa = PBXGroup;
			children = (
				57B7155F223D9E680014692E /* PigeonUIProtocol.swift */,
				57B71561223D9E7E0014692E /* WriterUIProtocol.swift */,
			);
			path = Protocols;
			sourceTree = "<group>";
		};
		57F4ED19224324B8005B0AE3 /* Box */ = {
			isa = PBXGroup;
			children = (
				575AE86822406F70005379AC /* BoxView.xib */,
				575AE86A22406F8A005379AC /* BoxView.swift */,
			);
			path = Box;
			sourceTree = "<group>";
		};
		57F4ED1A224324C4005B0AE3 /* Pigeon */ = {
			isa = PBXGroup;
			children = (
				AC190175224178D200AB477C /* PigeonView.xib */,
				AC190173224178C700AB477C /* PigeonView.swift */,
			);
			path = Pigeon;
			sourceTree = "<group>";
		};
		57F4ED1B224324D2005B0AE3 /* Writers */ = {
			isa = PBXGroup;
			children = (
				57F4ED112242FC11005B0AE3 /* WritersView.xib */,
				57F4ED132242FC27005B0AE3 /* WritersView.swift */,
				57F4ED152242FF3D005B0AE3 /* WriterCollectionViewCell.swift */,
				57F4ED162242FF3D005B0AE3 /* WriterCollectionViewCell.xib */,
			);
			path = Writers;
			sourceTree = "<group>";
		};
/* End PBXGroup section */

/* Begin PBXNativeTarget section */
		5725D649223B17C5005E291B /* CarrerPigeon */ = {
			isa = PBXNativeTarget;
			buildConfigurationList = 5725D65C223B17C6005E291B /* Build configuration list for PBXNativeTarget "CarrerPigeon" */;
			buildPhases = (
				5725D646223B17C5005E291B /* Sources */,
				5725D647223B17C5005E291B /* Frameworks */,
				5725D648223B17C5005E291B /* Resources */,
			);
			buildRules = (
			);
			dependencies = (
			);
			name = CarrerPigeon;
			productName = CarrerPigeon;
			productReference = 5725D64A223B17C5005E291B /* CarrerPigeon.app */;
			productType = "com.apple.product-type.application";
		};
/* End PBXNativeTarget section */

/* Begin PBXProject section */
		5725D642223B17C5005E291B /* Project object */ = {
			isa = PBXProject;
			attributes = {
				LastSwiftUpdateCheck = 1010;
				LastUpgradeCheck = 1010;
				ORGANIZATIONNAME = "Jully Nobre";
				TargetAttributes = {
					5725D649223B17C5005E291B = {
						CreatedOnToolsVersion = 10.1;
					};
				};
			};
			buildConfigurationList = 5725D645223B17C5005E291B /* Build configuration list for PBXProject "CarrerPigeon" */;
			compatibilityVersion = "Xcode 9.3";
			developmentRegion = en;
			hasScannedForEncodings = 0;
			knownRegions = (
				en,
				Base,
			);
			mainGroup = 5725D641223B17C5005E291B;
			productRefGroup = 5725D64B223B17C5005E291B /* Products */;
			projectDirPath = "";
			projectRoot = "";
			targets = (
				5725D649223B17C5005E291B /* CarrerPigeon */,
			);
		};
/* End PBXProject section */

/* Begin PBXResourcesBuildPhase section */
		5725D648223B17C5005E291B /* Resources */ = {
			isa = PBXResourcesBuildPhase;
			buildActionMask = 2147483647;
			files = (
				575AE86922406F70005379AC /* BoxView.xib in Resources */,
				AC190176224178D200AB477C /* PigeonView.xib in Resources */,
				5725D658223B17C6005E291B /* LaunchScreen.storyboard in Resources */,
				57F4ED182242FF3D005B0AE3 /* WriterCollectionViewCell.xib in Resources */,
				5725D655223B17C6005E291B /* Assets.xcassets in Resources */,
				5725D653223B17C5005E291B /* Main.storyboard in Resources */,
				57F4ED122242FC11005B0AE3 /* WritersView.xib in Resources */,
			);
			runOnlyForDeploymentPostprocessing = 0;
		};
/* End PBXResourcesBuildPhase section */

/* Begin PBXSourcesBuildPhase section */
		5725D646223B17C5005E291B /* Sources */ = {
			isa = PBXSourcesBuildPhase;
			buildActionMask = 2147483647;
			files = (
				5725D650223B17C5005E291B /* ViewController.swift in Sources */,
				57B71562223D9E7E0014692E /* WriterUIProtocol.swift in Sources */,
				572F0062223E9F0B006A79DD /* ViewController+UIPigeon.swift in Sources */,
				5725D64E223B17C5005E291B /* AppDelegate.swift in Sources */,
				AC190174224178C700AB477C /* PigeonView.swift in Sources */,
				57F4ED172242FF3D005B0AE3 /* WriterCollectionViewCell.swift in Sources */,
				5725D662223B1824005E291B /* Writer.swift in Sources */,
				57F4ED142242FC27005B0AE3 /* WritersView.swift in Sources */,
				572F0060223E9EFA006A79DD /* ViewController+UIWriter.swift in Sources */,
				5725D660223B1812005E291B /* Pigeon.swift in Sources */,
				57B71560223D9E680014692E /* PigeonUIProtocol.swift in Sources */,
				575AE86B22406F8A005379AC /* BoxView.swift in Sources */,
			);
			runOnlyForDeploymentPostprocessing = 0;
		};
/* End PBXSourcesBuildPhase section */

/* Begin PBXVariantGroup section */
		5725D651223B17C5005E291B /* Main.storyboard */ = {
			isa = PBXVariantGroup;
			children = (
				5725D652223B17C5005E291B /* Base */,
			);
			name = Main.storyboard;
			sourceTree = "<group>";
		};
		5725D656223B17C6005E291B /* LaunchScreen.storyboard */ = {
			isa = PBXVariantGroup;
			children = (
				5725D657223B17C6005E291B /* Base */,
			);
			name = LaunchScreen.storyboard;
			sourceTree = "<group>";
		};
/* End PBXVariantGroup section */

/* Begin XCBuildConfiguration section */
		5725D65A223B17C6005E291B /* Debug */ = {
			isa = XCBuildConfiguration;
			buildSettings = {
				ALWAYS_SEARCH_USER_PATHS = NO;
				CLANG_ANALYZER_NONNULL = YES;
				CLANG_ANALYZER_NUMBER_OBJECT_CONVERSION = YES_AGGRESSIVE;
				CLANG_CXX_LANGUAGE_STANDARD = "gnu++14";
				CLANG_CXX_LIBRARY = "libc++";
				CLANG_ENABLE_MODULES = YES;
				CLANG_ENABLE_OBJC_ARC = YES;
				CLANG_ENABLE_OBJC_WEAK = YES;
				CLANG_WARN_BLOCK_CAPTURE_AUTORELEASING = YES;
				CLANG_WARN_BOOL_CONVERSION = YES;
				CLANG_WARN_COMMA = YES;
				CLANG_WARN_CONSTANT_CONVERSION = YES;
				CLANG_WARN_DEPRECATED_OBJC_IMPLEMENTATIONS = YES;
				CLANG_WARN_DIRECT_OBJC_ISA_USAGE = YES_ERROR;
				CLANG_WARN_DOCUMENTATION_COMMENTS = YES;
				CLANG_WARN_EMPTY_BODY = YES;
				CLANG_WARN_ENUM_CONVERSION = YES;
				CLANG_WARN_INFINITE_RECURSION = YES;
				CLANG_WARN_INT_CONVERSION = YES;
				CLANG_WARN_NON_LITERAL_NULL_CONVERSION = YES;
				CLANG_WARN_OBJC_IMPLICIT_RETAIN_SELF = YES;
				CLANG_WARN_OBJC_LITERAL_CONVERSION = YES;
				CLANG_WARN_OBJC_ROOT_CLASS = YES_ERROR;
				CLANG_WARN_RANGE_LOOP_ANALYSIS = YES;
				CLANG_WARN_STRICT_PROTOTYPES = YES;
				CLANG_WARN_SUSPICIOUS_MOVE = YES;
				CLANG_WARN_UNGUARDED_AVAILABILITY = YES_AGGRESSIVE;
				CLANG_WARN_UNREACHABLE_CODE = YES;
				CLANG_WARN__DUPLICATE_METHOD_MATCH = YES;
				CODE_SIGN_IDENTITY = "iPhone Developer";
				COPY_PHASE_STRIP = NO;
				DEBUG_INFORMATION_FORMAT = dwarf;
				ENABLE_STRICT_OBJC_MSGSEND = YES;
				ENABLE_TESTABILITY = YES;
				GCC_C_LANGUAGE_STANDARD = gnu11;
				GCC_DYNAMIC_NO_PIC = NO;
				GCC_NO_COMMON_BLOCKS = YES;
				GCC_OPTIMIZATION_LEVEL = 0;
				GCC_PREPROCESSOR_DEFINITIONS = (
					"DEBUG=1",
					"$(inherited)",
				);
				GCC_WARN_64_TO_32_BIT_CONVERSION = YES;
				GCC_WARN_ABOUT_RETURN_TYPE = YES_ERROR;
				GCC_WARN_UNDECLARED_SELECTOR = YES;
				GCC_WARN_UNINITIALIZED_AUTOS = YES_AGGRESSIVE;
				GCC_WARN_UNUSED_FUNCTION = YES;
				GCC_WARN_UNUSED_VARIABLE = YES;
				IPHONEOS_DEPLOYMENT_TARGET = 12.1;
				MTL_ENABLE_DEBUG_INFO = INCLUDE_SOURCE;
				MTL_FAST_MATH = YES;
				ONLY_ACTIVE_ARCH = YES;
				SDKROOT = iphoneos;
				SWIFT_ACTIVE_COMPILATION_CONDITIONS = DEBUG;
				SWIFT_OPTIMIZATION_LEVEL = "-Onone";
			};
			name = Debug;
		};
		5725D65B223B17C6005E291B /* Release */ = {
			isa = XCBuildConfiguration;
			buildSettings = {
				ALWAYS_SEARCH_USER_PATHS = NO;
				CLANG_ANALYZER_NONNULL = YES;
				CLANG_ANALYZER_NUMBER_OBJECT_CONVERSION = YES_AGGRESSIVE;
				CLANG_CXX_LANGUAGE_STANDARD = "gnu++14";
				CLANG_CXX_LIBRARY = "libc++";
				CLANG_ENABLE_MODULES = YES;
				CLANG_ENABLE_OBJC_ARC = YES;
				CLANG_ENABLE_OBJC_WEAK = YES;
				CLANG_WARN_BLOCK_CAPTURE_AUTORELEASING = YES;
				CLANG_WARN_BOOL_CONVERSION = YES;
				CLANG_WARN_COMMA = YES;
				CLANG_WARN_CONSTANT_CONVERSION = YES;
				CLANG_WARN_DEPRECATED_OBJC_IMPLEMENTATIONS = YES;
				CLANG_WARN_DIRECT_OBJC_ISA_USAGE = YES_ERROR;
				CLANG_WARN_DOCUMENTATION_COMMENTS = YES;
				CLANG_WARN_EMPTY_BODY = YES;
				CLANG_WARN_ENUM_CONVERSION = YES;
				CLANG_WARN_INFINITE_RECURSION = YES;
				CLANG_WARN_INT_CONVERSION = YES;
				CLANG_WARN_NON_LITERAL_NULL_CONVERSION = YES;
				CLANG_WARN_OBJC_IMPLICIT_RETAIN_SELF = YES;
				CLANG_WARN_OBJC_LITERAL_CONVERSION = YES;
				CLANG_WARN_OBJC_ROOT_CLASS = YES_ERROR;
				CLANG_WARN_RANGE_LOOP_ANALYSIS = YES;
				CLANG_WARN_STRICT_PROTOTYPES = YES;
				CLANG_WARN_SUSPICIOUS_MOVE = YES;
				CLANG_WARN_UNGUARDED_AVAILABILITY = YES_AGGRESSIVE;
				CLANG_WARN_UNREACHABLE_CODE = YES;
				CLANG_WARN__DUPLICATE_METHOD_MATCH = YES;
				CODE_SIGN_IDENTITY = "iPhone Developer";
				COPY_PHASE_STRIP = NO;
				DEBUG_INFORMATION_FORMAT = "dwarf-with-dsym";
				ENABLE_NS_ASSERTIONS = NO;
				ENABLE_STRICT_OBJC_MSGSEND = YES;
				GCC_C_LANGUAGE_STANDARD = gnu11;
				GCC_NO_COMMON_BLOCKS = YES;
				GCC_WARN_64_TO_32_BIT_CONVERSION = YES;
				GCC_WARN_ABOUT_RETURN_TYPE = YES_ERROR;
				GCC_WARN_UNDECLARED_SELECTOR = YES;
				GCC_WARN_UNINITIALIZED_AUTOS = YES_AGGRESSIVE;
				GCC_WARN_UNUSED_FUNCTION = YES;
				GCC_WARN_UNUSED_VARIABLE = YES;
				IPHONEOS_DEPLOYMENT_TARGET = 12.1;
				MTL_ENABLE_DEBUG_INFO = NO;
				MTL_FAST_MATH = YES;
				SDKROOT = iphoneos;
				SWIFT_COMPILATION_MODE = wholemodule;
				SWIFT_OPTIMIZATION_LEVEL = "-O";
				VALIDATE_PRODUCT = YES;
			};
			name = Release;
		};
		5725D65D223B17C6005E291B /* Debug */ = {
			isa = XCBuildConfiguration;
			buildSettings = {
				ASSETCATALOG_COMPILER_APPICON_NAME = AppIcon;
				CODE_SIGN_STYLE = Automatic;
				DEVELOPMENT_TEAM = U9XP2P92X2;
				INFOPLIST_FILE = CarrerPigeon/Info.plist;
				LD_RUNPATH_SEARCH_PATHS = (
					"$(inherited)",
					"@executable_path/Frameworks",
				);
				PRODUCT_BUNDLE_IDENTIFIER = br.academy.ifce.CarrerPigeon;
				PRODUCT_NAME = "$(TARGET_NAME)";
				SWIFT_VERSION = 4.2;
				TARGETED_DEVICE_FAMILY = "1,2";
			};
			name = Debug;
		};
		5725D65E223B17C6005E291B /* Release */ = {
			isa = XCBuildConfiguration;
			buildSettings = {
				ASSETCATALOG_COMPILER_APPICON_NAME = AppIcon;
				CODE_SIGN_STYLE = Automatic;
				DEVELOPMENT_TEAM = U9XP2P92X2;
				INFOPLIST_FILE = CarrerPigeon/Info.plist;
				LD_RUNPATH_SEARCH_PATHS = (
					"$(inherited)",
					"@executable_path/Frameworks",
				);
				PRODUCT_BUNDLE_IDENTIFIER = br.academy.ifce.CarrerPigeon;
				PRODUCT_NAME = "$(TARGET_NAME)";
				SWIFT_VERSION = 4.2;
				TARGETED_DEVICE_FAMILY = "1,2";
			};
			name = Release;
		};
/* End XCBuildConfiguration section */

/* Begin XCConfigurationList section */
		5725D645223B17C5005E291B /* Build configuration list for PBXProject "CarrerPigeon" */ = {
			isa = XCConfigurationList;
			buildConfigurations = (
				5725D65A223B17C6005E291B /* Debug */,
				5725D65B223B17C6005E291B /* Release */,
			);
			defaultConfigurationIsVisible = 0;
			defaultConfigurationName = Release;
		};
		5725D65C223B17C6005E291B /* Build configuration list for PBXNativeTarget "CarrerPigeon" */ = {
			isa = XCConfigurationList;
			buildConfigurations = (
				5725D65D223B17C6005E291B /* Debug */,
				5725D65E223B17C6005E291B /* Release */,
			);
			defaultConfigurationIsVisible = 0;
			defaultConfigurationName = Release;
		};
/* End XCConfigurationList section */
	};
	rootObject = 5725D642223B17C5005E291B /* Project object */;
}
